
Microsoft Visual Studio Solution File, Format Version 12.00
# Visual Studio Version 17
VisualStudioVersion = 17.14.36301.6
MinimumVisualStudioVersion = 10.0.40219.1
Project("{FAE04EC0-301F-11D3-BF4B-00C04F79EFBC}") = "Lboto", "Lboto\Lboto.csproj", "{2ECB7D36-B3A6-4D3A-9FFF-D9308C2F602A}"
EndProject
Global
	GlobalSection(SolutionConfigurationPlatforms) = preSolution
		Debug|Any CPU = Debug|Any CPU
		Debug|x64 = Debug|x64
		Release|Any CPU = Release|Any CPU
		Release|x64 = Release|x64
	EndGlobalSection
	GlobalSection(ProjectConfigurationPlatforms) = postSolution
		{2ECB7D36-B3A6-4D3A-9FFF-D9308C2F602A}.Debug|Any CPU.ActiveCfg = Debug|Any CPU
		{2ECB7D36-B3A6-4D3A-9FFF-D9308C2F602A}.Debug|Any CPU.Build.0 = Debug|Any CPU
		{2ECB7D36-B3A6-4D3A-9FFF-D9308C2F602A}.Debug|x64.ActiveCfg = Debug|x64
		{2ECB7D36-B3A6-4D3A-9FFF-D9308C2F602A}.Debug|x64.Build.0 = Debug|x64
		{2ECB7D36-B3A6-4D3A-9FFF-D9308C2F602A}.Release|Any CPU.ActiveCfg = Release|Any CPU
		{2ECB7D36-B3A6-4D3A-9FFF-D9308C2F602A}.Release|Any CPU.Build.0 = Release|Any CPU
		{2ECB7D36-B3A6-4D3A-9FFF-D9308C2F602A}.Release|x64.ActiveCfg = Debug|x64
		{2ECB7D36-B3A6-4D3A-9FFF-D9308C2F602A}.Release|x64.Build.0 = Debug|x64
	EndGlobalSection
	GlobalSection(SolutionProperties) = preSolution
		HideSolutionNode = FALSE
	EndGlobalSection
	GlobalSection(ExtensibilityGlobals) = postSolution
		SolutionGuid = {26923B86-E179-4700-8276-38D56B5F8F2C}
	EndGlobalSection
EndGlobal
